// !$*UTF8*$!
{
	archiveVersion = 1;
	classes = {
	};
	objectVersion = 77;
	objects = {

/* Begin PBXContainerItemProxy section */
		62CB289A2F60EBD7007F948F /* PBXContainerItemProxy */ = {
			isa = PBXContainerItemProxy;
			containerPortal = 62CB28842F60EBD6007F948F /* Project object */;
			proxyType = 1;
			remoteGlobalIDString = 62CB288B2F60EBD6007F948F;
			remoteInfo = AgenticSampleApp;
		};
		62CB28A42F60EBD7007F948F /* PBXContainerItemProxy */ = {
			isa = PBXContainerItemProxy;
			containerPortal = 62CB28842F60EBD6007F948F /* Project object */;
			proxyType = 1;
			remoteGlobalIDString = 62CB288B2F60EBD6007F948F;
			remoteInfo = AgenticSampleApp;
		};
/* End PBXContainerItemProxy section */

/* Begin PBXFileReference section */
		62CB288C2F60EBD6007F948F /* AgenticSampleApp.app */ = {isa = PBXFileReference; explicitFileType = wrapper.application; includeInIndex = 0; path = AgenticSampleApp.app; sourceTree = BUILT_PRODUCTS_DIR; };
		62CB28992F60EBD7007F948F /* AgenticSampleAppTests.xctest */ = {isa = PBXFileReference; explicitFileType = wrapper.cfbundle; includeInIndex = 0; path = AgenticSampleAppTests.xctest; sourceTree = BUILT_PRODUCTS_DIR; };
		62CB28A32F60EBD7007F948F /* AgenticSampleAppUITests.xctest */ = {isa = PBXFileReference; explicitFileType = wrapper.cfbundle; includeInIndex = 0; path = AgenticSampleAppUITests.xctest; sourceTree = BUILT_PRODUCTS_DIR; };
/* End PBXFileReference section */

/* Begin PBXFileSystemSynchronizedRootGroup section */
		62CB288E2F60EBD6007F948F /* AgenticSampleApp */ = {
			isa = PBXFileSystemSynchronizedRootGroup;
			path = AgenticSampleApp;
			sourceTree = "<group>";
		};
		62CB289C2F60EBD7007F948F /* AgenticSampleAppTests */ = {
			isa = PBXFileSystemSynchronizedRootGroup;
			path = AgenticSampleAppTests;
			sourceTree = "<group>";
		};
		62CB28A62F60EBD7007F948F /* AgenticSampleAppUITests */ = {
			isa = PBXFileSystemSynchronizedRootGroup;
			path = AgenticSampleAppUITests;
			sourceTree = "<group>";
		};
/* End PBXFileSystemSynchronizedRootGroup section */

/* Begin PBXFrameworksBuildPhase section */
		62CB28892F60EBD6007F948F /* Frameworks */ = {
			isa = PBXFrameworksBuildPhase;
			buildActionMask = 2147483647;
			files = (
			);
			runOnlyForDeploymentPostprocessing = 0;
		};
		62CB28962F60EBD7007F948F /* Frameworks */ = {
			isa = PBXFrameworksBuildPhase;
			buildActionMask = 2147483647;
			files = (
			);
			runOnlyForDeploymentPostprocessing = 0;
		};
		62CB28A02F60EBD7007F948F /* Frameworks */ = {
			isa = PBXFrameworksBuildPhase;
			buildActionMask = 2147483647;
			files = (
			);
			runOnlyForDeploymentPostprocessing = 0;
		};
/* End PBXFrameworksBuildPhase section */

/* Begin PBXGroup section */
		62CB28832F60EBD6007F948F = {
			isa = PBXGroup;
			children = (
				62CB288E2F60EBD6007F948F /* AgenticSampleApp */,
				62CB289C2F60EBD7007F948F /* AgenticSampleAppTests */,
				62CB28A62F60EBD7007F948F /* AgenticSampleAppUITests */,
				62CB288D2F60EBD6007F948F /* Products */,
			);
			sourceTree = "<group>";
		};
		62CB288D2F60EBD6007F948F /* Products */ = {
			isa = PBXGroup;
			children = (
				62CB288C2F60EBD6007F948F /* AgenticSampleApp.app */,
				62CB28992F60EBD7007F948F /* AgenticSampleAppTests.xctest */,
				62CB28A32F60EBD7007F948F /* AgenticSampleAppUITests.xctest */,
			);
			name = Products;
			sourceTree = "<group>";
		};
/* End PBXGroup section */

/* Begin PBXNativeTarget section */
		62CB288B2F60EBD6007F948F /* AgenticSampleApp */ = {
			isa = PBXNativeTarget;
			buildConfigurationList = 62CB28AD2F60EBD7007F948F /* Build configuration list for PBXNativeTarget "AgenticSampleApp" */;
			buildPhases = (
				62CB28882F60EBD6007F948F /* Sources */,
				62CB28892F60EBD6007F948F /* Frameworks */,
				62CB288A2F60EBD6007F948F /* Resources */,
			);
			buildRules = (
			);
			dependencies = (
			);
			fileSystemSynchronizedGroups = (
				62CB288E2F60EBD6007F948F /* AgenticSampleApp */,
			);
			name = AgenticSampleApp;
			packageProductDependencies = (
			);
			productName = AgenticSampleApp;
			productReference = 62CB288C2F60EBD6007F948F /* AgenticSampleApp.app */;
			productType = "com.apple.product-type.application";
		};
		62CB28982F60EBD7007F948F /* AgenticSampleAppTests */ = {
			isa = PBXNativeTarget;
			buildConfigurationList = 62CB28B02F60EBD7007F948F /* Build configuration list for PBXNativeTarget "AgenticSampleAppTests" */;
			buildPhases = (
				62CB28952F60EBD7007F948F /* Sources */,
				62CB28962F60EBD7007F948F /* Frameworks */,
				62CB28972F60EBD7007F948F /* Resources */,
			);
			buildRules = (
			);
			dependencies = (
				62CB289B2F60EBD7007F948F /* PBXTargetDependency */,
			);
			fileSystemSynchronizedGroups = (
				62CB289C2F60EBD7007F948F /* AgenticSampleAppTests */,
			);
			name = AgenticSampleAppTests;
			packageProductDependencies = (
			);
			productName = AgenticSampleAppTests;
			productReference = 62CB28992F60EBD7007F948F /* AgenticSampleAppTests.xctest */;
			productType = "com.apple.product-type.bundle.unit-test";
		};
		62CB28A22F60EBD7007F948F /* AgenticSampleAppUITests */ = {
			isa = PBXNativeTarget;
			buildConfigurationList = 62CB28B32F60EBD7007F948F /* Build configuration list for PBXNativeTarget "AgenticSampleAppUITests" */;
			buildPhases = (
				62CB289F2F60EBD7007F948F /* Sources */,
				62CB28A02F60EBD7007F948F /* Frameworks */,
				62CB28A12F60EBD7007F948F /* Resources */,
			);
			buildRules = (
			);
			dependencies = (
				62CB28A52F60EBD7007F948F /* PBXTargetDependency */,
			);
			fileSystemSynchronizedGroups = (
				62CB28A62F60EBD7007F948F /* AgenticSampleAppUITests */,
			);
			name = AgenticSampleAppUITests;
			packageProductDependencies = (
			);
			productName = AgenticSampleAppUITests;
			productReference = 62CB28A32F60EBD7007F948F /* AgenticSampleAppUITests.xctest */;
			productType = "com.apple.product-type.bundle.ui-testing";
		};
/* End PBXNativeTarget section */

/* Begin PBXProject section */
		62CB28842F60EBD6007F948F /* Project object */ = {
			isa = PBXProject;
			attributes = {
				BuildIndependentTargetsInParallel = 1;
				LastSwiftUpdateCheck = 1640;
				LastUpgradeCheck = 1640;
				TargetAttributes = {
					62CB288B2F60EBD6007F948F = {
						CreatedOnToolsVersion = 16.4;
					};
					62CB28982F60EBD7007F948F = {
						CreatedOnToolsVersion = 16.4;
						TestTargetID = 62CB288B2F60EBD6007F948F;
					};
					62CB28A22F60EBD7007F948F = {
						CreatedOnToolsVersion = 16.4;
						TestTargetID = 62CB288B2F60EBD6007F948F;
					};
				};
			};
			buildConfigurationList = 62CB28872F60EBD6007F948F /* Build configuration list for PBXProject "AgenticSampleApp" */;
			developmentRegion = en;
			hasScannedForEncodings = 0;
			knownRegions = (
				en,
				Base,
			);
			mainGroup = 62CB28832F60EBD6007F948F;
			minimizedProjectReferenceProxies = 1;
			preferredProjectObjectVersion = 77;
			productRefGroup = 62CB288D2F60EBD6007F948F /* Products */;
			projectDirPath = "";
			projectRoot = "";
			targets = (
				62CB288B2F60EBD6007F948F /* AgenticSampleApp */,
				62CB28982F60EBD7007F948F /* AgenticSampleAppTests */,
				62CB28A22F60EBD7007F948F /* AgenticSampleAppUITests */,
			);
		};
/* End PBXProject section */

/* Begin PBXResourcesBuildPhase section */
		62CB288A2F60EBD6007F948F /* Resources */ = {
			isa = PBXResourcesBuildPhase;
			buildActionMask = 2147483647;
			files = (
			);
			runOnlyForDeploymentPostprocessing = 0;
		};
		62CB28972F60EBD7007F948F /* Resources */ = {
			isa = PBXResourcesBuildPhase;
			buildActionMask = 2147483647;
			files = (
			);
			runOnlyForDeploymentPostprocessing = 0;
		};
		62CB28A12F60EBD7007F948F /* Resources */ = {
			isa = PBXResourcesBuildPhase;
			buildActionMask = 2147483647;
			files = (
			);
			runOnlyForDeploymentPostprocessing = 0;
		};
/* End PBXResourcesBuildPhase section */

/* Begin PBXSourcesBuildPhase section */
		62CB28882F60EBD6007F948F /* Sources */ = {
			isa = PBXSourcesBuildPhase;
			buildActionMask = 2147483647;
			files = (
			);
			runOnlyForDeploymentPostprocessing = 0;
		};
		62CB28952F60EBD7007F948F /* Sources */ = {
			isa = PBXSourcesBuildPhase;
			buildActionMask = 2147483647;
			files = (
			);
			runOnlyForDeploymentPostprocessing = 0;
		};
		62CB289F2F60EBD7007F948F /* Sources */ = {
			isa = PBXSourcesBuildPhase;
			buildActionMask = 2147483647;
			files = (
			);
			runOnlyForDeploymentPostprocessing = 0;
		};
/* End PBXSourcesBuildPhase section */

/* Begin PBXTargetDependency section */
		62CB289B2F60EBD7007F948F /* PBXTargetDependency */ = {
			isa = PBXTargetDependency;
			target = 62CB288B2F60EBD6007F948F /* AgenticSampleApp */;
			targetProxy = 62CB289A2F60EBD7007F948F /* PBXContainerItemProxy */;
		};
		62CB28A52F60EBD7007F948F /* PBXTargetDependency */ = {
			isa = PBXTargetDependency;
			target = 62CB288B2F60EBD6007F948F /* AgenticSampleApp */;
			targetProxy = 62CB28A42F60EBD7007F948F /* PBXContainerItemProxy */;
		};
/* End PBXTargetDependency section */

/* Begin XCBuildConfiguration section */
		62CB28AB2F60EBD7007F948F /* Debug */ = {
			isa = XCBuildConfiguration;
			buildSettings = {
				ALWAYS_SEARCH_USER_PATHS = NO;
				ASSETCATALOG_COMPILER_GENERATE_SWIFT_ASSET_SYMBOL_EXTENSIONS = YES;
				CLANG_ANALYZER_NONNULL = YES;
				CLANG_ANALYZER_NUMBER_OBJECT_CONVERSION = YES_AGGRESSIVE;
				CLANG_CXX_LANGUAGE_STANDARD = "gnu++20";
				CLANG_ENABLE_MODULES = YES;
				CLANG_ENABLE_OBJC_ARC = YES;
				CLANG_ENABLE_OBJC_WEAK = YES;
				CLANG_WARN_BLOCK_CAPTURE_AUTORELEASING = YES;
				CLANG_WARN_BOOL_CONVERSION = YES;
				CLANG_WARN_COMMA = YES;
				CLANG_WARN_CONSTANT_CONVERSION = YES;
				CLANG_WARN_DEPRECATED_OBJC_IMPLEMENTATIONS = YES;
				CLANG_WARN_DIRECT_OBJC_ISA_USAGE = YES_ERROR;
				CLANG_WARN_DOCUMENTATION_COMMENTS = YES;
				CLANG_WARN_EMPTY_BODY = YES;
				CLANG_WARN_ENUM_CONVERSION = YES;
				CLANG_WARN_INFINITE_RECURSION = YES;
				CLANG_WARN_INT_CONVERSION = YES;
				CLANG_WARN_NON_LITERAL_NULL_CONVERSION = YES;
				CLANG_WARN_OBJC_IMPLICIT_RETAIN_SELF = YES;
				CLANG_WARN_OBJC_LITERAL_CONVERSION = YES;
				CLANG_WARN_OBJC_ROOT_CLASS = YES_ERROR;
				CLANG_WARN_QUOTED_INCLUDE_IN_FRAMEWORK_HEADER = YES;
				CLANG_WARN_RANGE_LOOP_ANALYSIS = YES;
				CLANG_WARN_STRICT_PROTOTYPES = YES;
				CLANG_WARN_SUSPICIOUS_MOVE = YES;
				CLANG_WARN_UNGUARDED_AVAILABILITY = YES_AGGRESSIVE;
				CLANG_WARN_UNREACHABLE_CODE = YES;
				CLANG_WARN__DUPLICATE_METHOD_MATCH = YES;
				COPY_PHASE_STRIP = NO;
				DEBUG_INFORMATION_FORMAT = dwarf;
				DEVELOPMENT_TEAM = TSFP4USKAL;
				ENABLE_STRICT_OBJC_MSGSEND = YES;
				ENABLE_TESTABILITY = YES;
				ENABLE_USER_SCRIPT_SANDBOXING = YES;
				GCC_C_LANGUAGE_STANDARD = gnu17;
				GCC_DYNAMIC_NO_PIC = NO;
				GCC_NO_COMMON_BLOCKS = YES;
				GCC_OPTIMIZATION_LEVEL = 0;
				GCC_PREPROCESSOR_DEFINITIONS = (
					"DEBUG=1",
					"$(inherited)",
				);
				GCC_WARN_64_TO_32_BIT_CONVERSION = YES;
				GCC_WARN_ABOUT_RETURN_TYPE = YES_ERROR;
				GCC_WARN_UNDECLARED_SELECTOR = YES;
				GCC_WARN_UNINITIALIZED_AUTOS = YES_AGGRESSIVE;
				GCC_WARN_UNUSED_FUNCTION = YES;
				GCC_WARN_UNUSED_VARIABLE = YES;
				IPHONEOS_DEPLOYMENT_TARGET = 17.6;
				LOCALIZATION_PREFERS_STRING_CATALOGS = YES;
				MTL_ENABLE_DEBUG_INFO = INCLUDE_SOURCE;
				MTL_FAST_MATH = YES;
				ONLY_ACTIVE_ARCH = YES;
				SDKROOT = iphoneos;
				SWIFT_ACTIVE_COMPILATION_CONDITIONS = "DEBUG $(inherited)";
				SWIFT_OPTIMIZATION_LEVEL = "-Onone";
			};
			name = Debug;
		};
		62CB28AC2F60EBD7007F948F /* Release */ = {
			isa = XCBuildConfiguration;
			buildSettings = {
				ALWAYS_SEARCH_USER_PATHS = NO;
				ASSETCATALOG_COMPILER_GENERATE_SWIFT_ASSET_SYMBOL_EXTENSIONS = YES;
				CLANG_ANALYZER_NONNULL = YES;
				CLANG_ANALYZER_NUMBER_OBJECT_CONVERSION = YES_AGGRESSIVE;
				CLANG_CXX_LANGUAGE_STANDARD = "gnu++20";
				CLANG_ENABLE_MODULES = YES;
				CLANG_ENABLE_OBJC_ARC = YES;
				CLANG_ENABLE_OBJC_WEAK = YES;
				CLANG_WARN_BLOCK_CAPTURE_AUTORELEASING = YES;
				CLANG_WARN_BOOL_CONVERSION = YES;
				CLANG_WARN_COMMA = YES;
				CLANG_WARN_CONSTANT_CONVERSION = YES;
				CLANG_WARN_DEPRECATED_OBJC_IMPLEMENTATIONS = YES;
				CLANG_WARN_DIRECT_OBJC_ISA_USAGE = YES_ERROR;
				CLANG_WARN_DOCUMENTATION_COMMENTS = YES;
				CLANG_WARN_EMPTY_BODY = YES;
				CLANG_WARN_ENUM_CONVERSION = YES;
				CLANG_WARN_INFINITE_RECURSION = YES;
				CLANG_WARN_INT_CONVERSION = YES;
				CLANG_WARN_NON_LITERAL_NULL_CONVERSION = YES;
				CLANG_WARN_OBJC_IMPLICIT_RETAIN_SELF = YES;
				CLANG_WARN_OBJC_LITERAL_CONVERSION = YES;
				CLANG_WARN_OBJC_ROOT_CLASS = YES_ERROR;
				CLANG_WARN_QUOTED_INCLUDE_IN_FRAMEWORK_HEADER = YES;
				CLANG_WARN_RANGE_LOOP_ANALYSIS = YES;
				CLANG_WARN_STRICT_PROTOTYPES = YES;
				CLANG_WARN_SUSPICIOUS_MOVE = YES;
				CLANG_WARN_UNGUARDED_AVAILABILITY = YES_AGGRESSIVE;
				CLANG_WARN_UNREACHABLE_CODE = YES;
				CLANG_WARN__DUPLICATE_METHOD_MATCH = YES;
				COPY_PHASE_STRIP = NO;
				DEBUG_INFORMATION_FORMAT = "dwarf-with-dsym";
				DEVELOPMENT_TEAM = TSFP4USKAL;
				ENABLE_NS_ASSERTIONS = NO;
				ENABLE_STRICT_OBJC_MSGSEND = YES;
				ENABLE_USER_SCRIPT_SANDBOXING = YES;
				GCC_C_LANGUAGE_STANDARD = gnu17;
				GCC_NO_COMMON_BLOCKS = YES;
				GCC_WARN_64_TO_32_BIT_CONVERSION = YES;
				GCC_WARN_ABOUT_RETURN_TYPE = YES_ERROR;
				GCC_WARN_UNDECLARED_SELECTOR = YES;
				GCC_WARN_UNINITIALIZED_AUTOS = YES_AGGRESSIVE;
				GCC_WARN_UNUSED_FUNCTION = YES;
				GCC_WARN_UNUSED_VARIABLE = YES;
				IPHONEOS_DEPLOYMENT_TARGET = 17.6;
				LOCALIZATION_PREFERS_STRING_CATALOGS = YES;
				MTL_ENABLE_DEBUG_INFO = NO;
				MTL_FAST_MATH = YES;
				SDKROOT = iphoneos;
				SWIFT_COMPILATION_MODE = wholemodule;
				VALIDATE_PRODUCT = YES;
			};
			name = Release;
		};
		62CB28AE2F60EBD7007F948F /* Debug */ = {
			isa = XCBuildConfiguration;
			buildSettings = {
				ASSETCATALOG_COMPILER_APPICON_NAME = AppIcon;
				ASSETCATALOG_COMPILER_GLOBAL_ACCENT_COLOR_NAME = AccentColor;
				CODE_SIGN_STYLE = Automatic;
				CURRENT_PROJECT_VERSION = 1;
				DEVELOPMENT_TEAM = TSFP4USKAL;
				ENABLE_PREVIEWS = YES;
				GENERATE_INFOPLIST_FILE = YES;
				INFOPLIST_KEY_UIApplicationSceneManifest_Generation = YES;
				INFOPLIST_KEY_UIApplicationSupportsIndirectInputEvents = YES;
				INFOPLIST_KEY_UILaunchScreen_Generation = YES;
				INFOPLIST_KEY_UISupportedInterfaceOrientations_iPad = "UIInterfaceOrientationPortrait UIInterfaceOrientationPortraitUpsideDown UIInterfaceOrientationLandscapeLeft UIInterfaceOrientationLandscapeRight";
				INFOPLIST_KEY_UISupportedInterfaceOrientations_iPhone = "UIInterfaceOrientationPortrait UIInterfaceOrientationLandscapeLeft UIInterfaceOrientationLandscapeRight";
				IPHONEOS_DEPLOYMENT_TARGET = 17.6;
				LD_RUNPATH_SEARCH_PATHS = (
					"$(inherited)",
					"@executable_path/Frameworks",
				);
				MARKETING_VERSION = 1.0;
				PRODUCT_BUNDLE_IDENTIFIER = jesseholwell.AgenticSampleApp;
				PRODUCT_NAME = "$(TARGET_NAME)";
				SWIFT_EMIT_LOC_STRINGS = YES;
				SWIFT_VERSION = 5.0;
				TARGETED_DEVICE_FAMILY = "1,2";
			};
			name = Debug;
		};
		62CB28AF2F60EBD7007F948F /* Release */ = {
			isa = XCBuildConfiguration;
			buildSettings = {
				ASSETCATALOG_COMPILER_APPICON_NAME = AppIcon;
				ASSETCATALOG_COMPILER_GLOBAL_ACCENT_COLOR_NAME = AccentColor;
				CODE_SIGN_STYLE = Automatic;
				CURRENT_PROJECT_VERSION = 1;
				DEVELOPMENT_TEAM = TSFP4USKAL;
				ENABLE_PREVIEWS = YES;
				GENERATE_INFOPLIST_FILE = YES;
				INFOPLIST_KEY_UIApplicationSceneManifest_Generation = YES;
				INFOPLIST_KEY_UIApplicationSupportsIndirectInputEvents = YES;
				INFOPLIST_KEY_UILaunchScreen_Generation = YES;
				INFOPLIST_KEY_UISupportedInterfaceOrientations_iPad = "UIInterfaceOrientationPortrait UIInterfaceOrientationPortraitUpsideDown UIInterfaceOrientationLandscapeLeft UIInterfaceOrientationLandscapeRight";
				INFOPLIST_KEY_UISupportedInterfaceOrientations_iPhone = "UIInterfaceOrientationPortrait UIInterfaceOrientationLandscapeLeft UIInterfaceOrientationLandscapeRight";
				IPHONEOS_DEPLOYMENT_TARGET = 17.6;
				LD_RUNPATH_SEARCH_PATHS = (
					"$(inherited)",
					"@executable_path/Frameworks",
				);
				MARKETING_VERSION = 1.0;
				PRODUCT_BUNDLE_IDENTIFIER = jesseholwell.AgenticSampleApp;
				PRODUCT_NAME = "$(TARGET_NAME)";
				SWIFT_EMIT_LOC_STRINGS = YES;
				SWIFT_VERSION = 5.0;
				TARGETED_DEVICE_FAMILY = "1,2";
			};
			name = Release;
		};
		62CB28B12F60EBD7007F948F /* Debug */ = {
			isa = XCBuildConfiguration;
			buildSettings = {
				BUNDLE_LOADER = "$(TEST_HOST)";
				CODE_SIGN_STYLE = Automatic;
				CURRENT_PROJECT_VERSION = 1;
				DEVELOPMENT_TEAM = TSFP4USKAL;
				GENERATE_INFOPLIST_FILE = YES;
				IPHONEOS_DEPLOYMENT_TARGET = 17.6;
				MARKETING_VERSION = 1.0;
				PRODUCT_BUNDLE_IDENTIFIER = jesseholwell.AgenticSampleAppTests;
				PRODUCT_NAME = "$(TARGET_NAME)";
				SWIFT_EMIT_LOC_STRINGS = NO;
				SWIFT_VERSION = 5.0;
				TARGETED_DEVICE_FAMILY = "1,2";
				TEST_HOST = "$(BUILT_PRODUCTS_DIR)/AgenticSampleApp.app/$(BUNDLE_EXECUTABLE_FOLDER_PATH)/AgenticSampleApp";
			};
			name = Debug;
		};
		62CB28B22F60EBD7007F948F /* Release */ = {
			isa = XCBuildConfiguration;
			buildSettings = {
				BUNDLE_LOADER = "$(TEST_HOST)";
				CODE_SIGN_STYLE = Automatic;
				CURRENT_PROJECT_VERSION = 1;
				DEVELOPMENT_TEAM = TSFP4USKAL;
				GENERATE_INFOPLIST_FILE = YES;
				IPHONEOS_DEPLOYMENT_TARGET = 17.6;
				MARKETING_VERSION = 1.0;
				PRODUCT_BUNDLE_IDENTIFIER = jesseholwell.AgenticSampleAppTests;
				PRODUCT_NAME = "$(TARGET_NAME)";
				SWIFT_EMIT_LOC_STRINGS = NO;
				SWIFT_VERSION = 5.0;
				TARGETED_DEVICE_FAMILY = "1,2";
				TEST_HOST = "$(BUILT_PRODUCTS_DIR)/AgenticSampleApp.app/$(BUNDLE_EXECUTABLE_FOLDER_PATH)/AgenticSampleApp";
			};
			name = Release;
		};
		62CB28B42F60EBD7007F948F /* Debug */ = {
			isa = XCBuildConfiguration;
			buildSettings = {
				CODE_SIGN_STYLE = Automatic;
				CURRENT_PROJECT_VERSION = 1;
				DEVELOPMENT_TEAM = TSFP4USKAL;
				GENERATE_INFOPLIST_FILE = YES;
				IPHONEOS_DEPLOYMENT_TARGET = 17.6;
				MARKETING_VERSION = 1.0;
				PRODUCT_BUNDLE_IDENTIFIER = jesseholwell.AgenticSampleAppUITests;
				PRODUCT_NAME = "$(TARGET_NAME)";
				SWIFT_EMIT_LOC_STRINGS = NO;
				SWIFT_VERSION = 5.0;
				TARGETED_DEVICE_FAMILY = "1,2";
				TEST_TARGET_NAME = AgenticSampleApp;
			};
			name = Debug;
		};
		62CB28B52F60EBD7007F948F /* Release */ = {
			isa = XCBuildConfiguration;
			buildSettings = {
				CODE_SIGN_STYLE = Automatic;
				CURRENT_PROJECT_VERSION = 1;
				DEVELOPMENT_TEAM = TSFP4USKAL;
				GENERATE_INFOPLIST_FILE = YES;
				IPHONEOS_DEPLOYMENT_TARGET = 17.6;
				MARKETING_VERSION = 1.0;
				PRODUCT_BUNDLE_IDENTIFIER = jesseholwell.AgenticSampleAppUITests;
				PRODUCT_NAME = "$(TARGET_NAME)";
				SWIFT_EMIT_LOC_STRINGS = NO;
				SWIFT_VERSION = 5.0;
				TARGETED_DEVICE_FAMILY = "1,2";
				TEST_TARGET_NAME = AgenticSampleApp;
			};
			name = Release;
		};
/* End XCBuildConfiguration section */

/* Begin XCConfigurationList section */
		62CB28872F60EBD6007F948F /* Build configuration list for PBXProject "AgenticSampleApp" */ = {
			isa = XCConfigurationList;
			buildConfigurations = (
				62CB28AB2F60EBD7007F948F /* Debug */,
				62CB28AC2F60EBD7007F948F /* Release */,
			);
			defaultConfigurationIsVisible = 0;
			defaultConfigurationName = Release;
		};
		62CB28AD2F60EBD7007F948F /* Build configuration list for PBXNativeTarget "AgenticSampleApp" */ = {
			isa = XCConfigurationList;
			buildConfigurations = (
				62CB28AE2F60EBD7007F948F /* Debug */,
				62CB28AF2F60EBD7007F948F /* Release */,
			);
			defaultConfigurationIsVisible = 0;
			defaultConfigurationName = Release;
		};
		62CB28B02F60EBD7007F948F /* Build configuration list for PBXNativeTarget "AgenticSampleAppTests" */ = {
			isa = XCConfigurationList;
			buildConfigurations = (
				62CB28B12F60EBD7007F948F /* Debug */,
				62CB28B22F60EBD7007F948F /* Release */,
			);
			defaultConfigurationIsVisible = 0;
			defaultConfigurationName = Release;
		};
		62CB28B32F60EBD7007F948F /* Build configuration list for PBXNativeTarget "AgenticSampleAppUITests" */ = {
			isa = XCConfigurationList;
			buildConfigurations = (
				62CB28B42F60EBD7007F948F /* Debug */,
				62CB28B52F60EBD7007F948F /* Release */,
			);
			defaultConfigurationIsVisible = 0;
			defaultConfigurationName = Release;
		};
/* End XCConfigurationList section */
	};
	rootObject = 62CB28842F60EBD6007F948F /* Project object */;
}
